
Microsoft Visual Studio Solution File, Format Version 12.00
# Visual Studio Version 16
VisualStudioVersion = 16.0.30503.244
MinimumVisualStudioVersion = 10.0.40219.1
Project("{FAE04EC0-301F-11D3-BF4B-00C04F79EFBC}") = "EmployeeWageV2", "EmployeeWageV2\EmployeeWageV2.csproj", "{7B941DBC-20B3-4E53-8D26-847BC57BBFDE}"
EndProject
Global
	GlobalSection(SolutionConfigurationPlatforms) = preSolution
		Debug|Any CPU = Debug|Any CPU
		Release|Any CPU = Release|Any CPU
	EndGlobalSection
	GlobalSection(ProjectConfigurationPlatforms) = postSolution
		{7B941DBC-20B3-4E53-8D26-847BC57BBFDE}.Debug|Any CPU.ActiveCfg = Debug|Any CPU
		{7B941DBC-20B3-4E53-8D26-847BC57BBFDE}.Debug|Any CPU.Build.0 = Debug|Any CPU
		{7B941DBC-20B3-4E53-8D26-847BC57BBFDE}.Release|Any CPU.ActiveCfg = Release|Any CPU
		{7B941DBC-20B3-4E53-8D26-847BC57BBFDE}.Release|Any CPU.Build.0 = Release|Any CPU
	EndGlobalSection
	GlobalSection(SolutionProperties) = preSolution
		HideSolutionNode = FALSE
	EndGlobalSection
	GlobalSection(ExtensibilityGlobals) = postSolution
		SolutionGuid = {43927FF6-0231-43D6-9B43-A0B70FC7CA7A}
	EndGlobalSection
EndGlobal
